// !$*UTF8*$!
{
	archiveVersion = 1;
	classes = {
	};
	objectVersion = 77;
	objects = {

/* Begin PBXBuildFile section */
		3C091EA02D59D36300C53536 /* Alamofire in Frameworks */ = {isa = PBXBuildFile; productRef = 3C091E9F2D59D36300C53536 /* Alamofire */; };
		3CE28AE72D55F4D90033128E /* CoffeeMastersApp.swift in Sources */ = {isa = PBXBuildFile; fileRef = 3CE28AE22D55F4D90033128E /* CoffeeMastersApp.swift */; };
		3CE28AE82D55F4D90033128E /* ContentView.swift in Sources */ = {isa = PBXBuildFile; fileRef = 3CE28AE32D55F4D90033128E /* ContentView.swift */; };
		3CE28AE92D55F4D90033128E /* Offer.swift in Sources */ = {isa = PBXBuildFile; fileRef = 3CE28AE42D55F4D90033128E /* Offer.swift */; };
		3CE28AEA2D55F4D90033128E /* OffersPage.swift in Sources */ = {isa = PBXBuildFile; fileRef = 3CE28AE52D55F4D90033128E /* OffersPage.swift */; };
		3CE28AEB2D55F4D90033128E /* Preview Assets.xcassets in Resources */ = {isa = PBXBuildFile; fileRef = 3CE28ADF2D55F4D90033128E /* Preview Assets.xcassets */; };
		3CE28AEC2D55F4D90033128E /* Assets.xcassets in Resources */ = {isa = PBXBuildFile; fileRef = 3CE28AE12D55F4D90033128E /* Assets.xcassets */; };
		3CE28AF02D55F51D0033128E /* MenuPage.swift in Sources */ = {isa = PBXBuildFile; fileRef = 3CE28AEF2D55F51D0033128E /* MenuPage.swift */; };
		3CE28AF22D55F5270033128E /* OrderPage.swift in Sources */ = {isa = PBXBuildFile; fileRef = 3CE28AF12D55F5270033128E /* OrderPage.swift */; };
		3CE28AF42D55F5330033128E /* InfoPage.swift in Sources */ = {isa = PBXBuildFile; fileRef = 3CE28AF32D55F5330033128E /* InfoPage.swift */; };
		3CE28AF62D55F5C60033128E /* ProductItem.swift in Sources */ = {isa = PBXBuildFile; fileRef = 3CE28AF52D55F5C60033128E /* ProductItem.swift */; };
		3CE28AF82D55F7ED0033128E /* ProductDetailsPage.swift in Sources */ = {isa = PBXBuildFile; fileRef = 3CE28AF72D55F7ED0033128E /* ProductDetailsPage.swift */; };
		3CE28AFB2D57E0A00033128E /* Category.swift in Sources */ = {isa = PBXBuildFile; fileRef = 3CE28AFA2D57E0A00033128E /* Category.swift */; };
		3CE28AFD2D57E0A90033128E /* Product.swift in Sources */ = {isa = PBXBuildFile; fileRef = 3CE28AFC2D57E0A90033128E /* Product.swift */; };
		3CE28AFF2D57E3140033128E /* MenuManager.swift in Sources */ = {isa = PBXBuildFile; fileRef = 3CE28AFE2D57E3140033128E /* MenuManager.swift */; };
		3CE28B012D57E3320033128E /* CartManager.swift in Sources */ = {isa = PBXBuildFile; fileRef = 3CE28B002D57E3320033128E /* CartManager.swift */; };
		3CE28B032D57E8390033128E /* OrderItem.swift in Sources */ = {isa = PBXBuildFile; fileRef = 3CE28B022D57E8390033128E /* OrderItem.swift */; };
/* End PBXBuildFile section */

/* Begin PBXCopyFilesBuildPhase section */
		3C091E9D2D59D30C00C53536 /* Embed Frameworks */ = {
			isa = PBXCopyFilesBuildPhase;
			buildActionMask = 2147483647;
			dstPath = "";
			dstSubfolderSpec = 10;
			files = (
			);
			name = "Embed Frameworks";
			runOnlyForDeploymentPostprocessing = 0;
		};
/* End PBXCopyFilesBuildPhase section */

/* Begin PBXFileReference section */
		3CE28AC62D5494960033128E /* CoffeeMasters.app */ = {isa = PBXFileReference; explicitFileType = wrapper.application; includeInIndex = 0; path = CoffeeMasters.app; sourceTree = BUILT_PRODUCTS_DIR; };
		3CE28ADF2D55F4D90033128E /* Preview Assets.xcassets */ = {isa = PBXFileReference; lastKnownFileType = folder.assetcatalog; path = "Preview Assets.xcassets"; sourceTree = "<group>"; };
		3CE28AE12D55F4D90033128E /* Assets.xcassets */ = {isa = PBXFileReference; lastKnownFileType = folder.assetcatalog; path = Assets.xcassets; sourceTree = "<group>"; };
		3CE28AE22D55F4D90033128E /* CoffeeMastersApp.swift */ = {isa = PBXFileReference; lastKnownFileType = sourcecode.swift; path = CoffeeMastersApp.swift; sourceTree = "<group>"; };
		3CE28AE32D55F4D90033128E /* ContentView.swift */ = {isa = PBXFileReference; lastKnownFileType = sourcecode.swift; path = ContentView.swift; sourceTree = "<group>"; };
		3CE28AE42D55F4D90033128E /* Offer.swift */ = {isa = PBXFileReference; lastKnownFileType = sourcecode.swift; path = Offer.swift; sourceTree = "<group>"; };
		3CE28AE52D55F4D90033128E /* OffersPage.swift */ = {isa = PBXFileReference; lastKnownFileType = sourcecode.swift; path = OffersPage.swift; sourceTree = "<group>"; };
		3CE28AEF2D55F51D0033128E /* MenuPage.swift */ = {isa = PBXFileReference; lastKnownFileType = sourcecode.swift; path = MenuPage.swift; sourceTree = "<group>"; };
		3CE28AF12D55F5270033128E /* OrderPage.swift */ = {isa = PBXFileReference; lastKnownFileType = sourcecode.swift; path = OrderPage.swift; sourceTree = "<group>"; };
		3CE28AF32D55F5330033128E /* InfoPage.swift */ = {isa = PBXFileReference; lastKnownFileType = sourcecode.swift; path = InfoPage.swift; sourceTree = "<group>"; };
		3CE28AF52D55F5C60033128E /* ProductItem.swift */ = {isa = PBXFileReference; lastKnownFileType = sourcecode.swift; path = ProductItem.swift; sourceTree = "<group>"; };
		3CE28AF72D55F7ED0033128E /* ProductDetailsPage.swift */ = {isa = PBXFileReference; lastKnownFileType = sourcecode.swift; path = ProductDetailsPage.swift; sourceTree = "<group>"; };
		3CE28AFA2D57E0A00033128E /* Category.swift */ = {isa = PBXFileReference; lastKnownFileType = sourcecode.swift; path = Category.swift; sourceTree = "<group>"; };
		3CE28AFC2D57E0A90033128E /* Product.swift */ = {isa = PBXFileReference; lastKnownFileType = sourcecode.swift; path = Product.swift; sourceTree = "<group>"; };
		3CE28AFE2D57E3140033128E /* MenuManager.swift */ = {isa = PBXFileReference; lastKnownFileType = sourcecode.swift; path = MenuManager.swift; sourceTree = "<group>"; };
		3CE28B002D57E3320033128E /* CartManager.swift */ = {isa = PBXFileReference; lastKnownFileType = sourcecode.swift; path = CartManager.swift; sourceTree = "<group>"; };
		3CE28B022D57E8390033128E /* OrderItem.swift */ = {isa = PBXFileReference; lastKnownFileType = sourcecode.swift; path = OrderItem.swift; sourceTree = "<group>"; };
		3CE89AD52D5B29E400F907DE /* Info.plist */ = {isa = PBXFileReference; lastKnownFileType = text.plist; path = Info.plist; sourceTree = "<group>"; };
/* End PBXFileReference section */

/* Begin PBXFrameworksBuildPhase section */
		3CE28AC32D5494950033128E /* Frameworks */ = {
			isa = PBXFrameworksBuildPhase;
			buildActionMask = 2147483647;
			files = (
				3C091EA02D59D36300C53536 /* Alamofire in Frameworks */,
			);
			runOnlyForDeploymentPostprocessing = 0;
		};
/* End PBXFrameworksBuildPhase section */

/* Begin PBXGroup section */
		3CE28ABD2D5494950033128E = {
			isa = PBXGroup;
			children = (
				3CE28AE62D55F4D90033128E /* CoffeeMasters */,
				3CE28AC72D5494960033128E /* Products */,
			);
			sourceTree = "<group>";
		};
		3CE28AC72D5494960033128E /* Products */ = {
			isa = PBXGroup;
			children = (
				3CE28AC62D5494960033128E /* CoffeeMasters.app */,
			);
			name = Products;
			sourceTree = "<group>";
		};
		3CE28AE02D55F4D90033128E /* Preview Content */ = {
			isa = PBXGroup;
			children = (
				3CE28ADF2D55F4D90033128E /* Preview Assets.xcassets */,
			);
			path = "Preview Content";
			sourceTree = "<group>";
		};
		3CE28AE62D55F4D90033128E /* CoffeeMasters */ = {
			isa = PBXGroup;
			children = (
				3CE89AD52D5B29E400F907DE /* Info.plist */,
				3CE28AF92D57E0820033128E /* Model */,
				3CE28AEE2D55F4E70033128E /* Page Views */,
				3CE28AED2D55F4DC0033128E /* Views */,
				3CE28AE02D55F4D90033128E /* Preview Content */,
				3CE28AE12D55F4D90033128E /* Assets.xcassets */,
				3CE28AE22D55F4D90033128E /* CoffeeMastersApp.swift */,
				3CE28AE32D55F4D90033128E /* ContentView.swift */,
			);
			path = CoffeeMasters;
			sourceTree = "<group>";
		};
		3CE28AED2D55F4DC0033128E /* Views */ = {
			isa = PBXGroup;
			children = (
				3CE28AE42D55F4D90033128E /* Offer.swift */,
				3CE28AF52D55F5C60033128E /* ProductItem.swift */,
				3CE28B022D57E8390033128E /* OrderItem.swift */,
			);
			path = Views;
			sourceTree = "<group>";
		};
		3CE28AEE2D55F4E70033128E /* Page Views */ = {
			isa = PBXGroup;
			children = (
				3CE28AE52D55F4D90033128E /* OffersPage.swift */,
				3CE28AEF2D55F51D0033128E /* MenuPage.swift */,
				3CE28AF12D55F5270033128E /* OrderPage.swift */,
				3CE28AF32D55F5330033128E /* InfoPage.swift */,
				3CE28AF72D55F7ED0033128E /* ProductDetailsPage.swift */,
			);
			path = "Page Views";
			sourceTree = "<group>";
		};
		3CE28AF92D57E0820033128E /* Model */ = {
			isa = PBXGroup;
			children = (
				3CE28AFA2D57E0A00033128E /* Category.swift */,
				3CE28AFC2D57E0A90033128E /* Product.swift */,
				3CE28AFE2D57E3140033128E /* MenuManager.swift */,
				3CE28B002D57E3320033128E /* CartManager.swift */,
			);
			path = Model;
			sourceTree = "<group>";
		};
/* End PBXGroup section */

/* Begin PBXNativeTarget section */
		3CE28AC52D5494950033128E /* CoffeeMasters */ = {
			isa = PBXNativeTarget;
			buildConfigurationList = 3CE28AD42D5494970033128E /* Build configuration list for PBXNativeTarget "CoffeeMasters" */;
			buildPhases = (
				3CE28AC22D5494950033128E /* Sources */,
				3CE28AC32D5494950033128E /* Frameworks */,
				3CE28AC42D5494950033128E /* Resources */,
				3C091E9D2D59D30C00C53536 /* Embed Frameworks */,
			);
			buildRules = (
			);
			dependencies = (
			);
			name = CoffeeMasters;
			packageProductDependencies = (
				3C091E9F2D59D36300C53536 /* Alamofire */,
			);
			productName = CoffeeMasters;
			productReference = 3CE28AC62D5494960033128E /* CoffeeMasters.app */;
			productType = "com.apple.product-type.application";
		};
/* End PBXNativeTarget section */

/* Begin PBXProject section */
		3CE28ABE2D5494950033128E /* Project object */ = {
			isa = PBXProject;
			attributes = {
				BuildIndependentTargetsInParallel = 1;
				LastSwiftUpdateCheck = 1610;
				LastUpgradeCheck = 1620;
				TargetAttributes = {
					3CE28AC52D5494950033128E = {
						CreatedOnToolsVersion = 16.1;
					};
				};
			};
			buildConfigurationList = 3CE28AC12D5494950033128E /* Build configuration list for PBXProject "CoffeeMasters" */;
			developmentRegion = en;
			hasScannedForEncodings = 0;
			knownRegions = (
				en,
				Base,
			);
			mainGroup = 3CE28ABD2D5494950033128E;
			minimizedProjectReferenceProxies = 1;
			packageReferences = (
				3C091E9E2D59D36300C53536 /* XCRemoteSwiftPackageReference "Alamofire" */,
			);
			preferredProjectObjectVersion = 77;
			productRefGroup = 3CE28AC72D5494960033128E /* Products */;
			projectDirPath = "";
			projectRoot = "";
			targets = (
				3CE28AC52D5494950033128E /* CoffeeMasters */,
			);
		};
/* End PBXProject section */

/* Begin PBXResourcesBuildPhase section */
		3CE28AC42D5494950033128E /* Resources */ = {
			isa = PBXResourcesBuildPhase;
			buildActionMask = 2147483647;
			files = (
				3CE28AEB2D55F4D90033128E /* Preview Assets.xcassets in Resources */,
				3CE28AEC2D55F4D90033128E /* Assets.xcassets in Resources */,
			);
			runOnlyForDeploymentPostprocessing = 0;
		};
/* End PBXResourcesBuildPhase section */

/* Begin PBXSourcesBuildPhase section */
		3CE28AC22D5494950033128E /* Sources */ = {
			isa = PBXSourcesBuildPhase;
			buildActionMask = 2147483647;
			files = (
				3CE28AFF2D57E3140033128E /* MenuManager.swift in Sources */,
				3CE28B012D57E3320033128E /* CartManager.swift in Sources */,
				3CE28AE72D55F4D90033128E /* CoffeeMastersApp.swift in Sources */,
				3CE28AFB2D57E0A00033128E /* Category.swift in Sources */,
				3CE28AE82D55F4D90033128E /* ContentView.swift in Sources */,
				3CE28AF82D55F7ED0033128E /* ProductDetailsPage.swift in Sources */,
				3CE28AF02D55F51D0033128E /* MenuPage.swift in Sources */,
				3CE28AFD2D57E0A90033128E /* Product.swift in Sources */,
				3CE28AF42D55F5330033128E /* InfoPage.swift in Sources */,
				3CE28B032D57E8390033128E /* OrderItem.swift in Sources */,
				3CE28AF62D55F5C60033128E /* ProductItem.swift in Sources */,
				3CE28AE92D55F4D90033128E /* Offer.swift in Sources */,
				3CE28AF22D55F5270033128E /* OrderPage.swift in Sources */,
				3CE28AEA2D55F4D90033128E /* OffersPage.swift in Sources */,
			);
			runOnlyForDeploymentPostprocessing = 0;
		};
/* End PBXSourcesBuildPhase section */

/* Begin XCBuildConfiguration section */
		3CE28AD22D5494970033128E /* Debug */ = {
			isa = XCBuildConfiguration;
			buildSettings = {
				ALWAYS_SEARCH_USER_PATHS = NO;
				ASSETCATALOG_COMPILER_GENERATE_SWIFT_ASSET_SYMBOL_EXTENSIONS = YES;
				CLANG_ANALYZER_NONNULL = YES;
				CLANG_ANALYZER_NUMBER_OBJECT_CONVERSION = YES_AGGRESSIVE;
				CLANG_CXX_LANGUAGE_STANDARD = "gnu++20";
				CLANG_ENABLE_MODULES = YES;
				CLANG_ENABLE_OBJC_ARC = YES;
				CLANG_ENABLE_OBJC_WEAK = YES;
				CLANG_WARN_BLOCK_CAPTURE_AUTORELEASING = YES;
				CLANG_WARN_BOOL_CONVERSION = YES;
				CLANG_WARN_COMMA = YES;
				CLANG_WARN_CONSTANT_CONVERSION = YES;
				CLANG_WARN_DEPRECATED_OBJC_IMPLEMENTATIONS = YES;
				CLANG_WARN_DIRECT_OBJC_ISA_USAGE = YES_ERROR;
				CLANG_WARN_DOCUMENTATION_COMMENTS = YES;
				CLANG_WARN_EMPTY_BODY = YES;
				CLANG_WARN_ENUM_CONVERSION = YES;
				CLANG_WARN_INFINITE_RECURSION = YES;
				CLANG_WARN_INT_CONVERSION = YES;
				CLANG_WARN_NON_LITERAL_NULL_CONVERSION = YES;
				CLANG_WARN_OBJC_IMPLICIT_RETAIN_SELF = YES;
				CLANG_WARN_OBJC_LITERAL_CONVERSION = YES;
				CLANG_WARN_OBJC_ROOT_CLASS = YES_ERROR;
				CLANG_WARN_QUOTED_INCLUDE_IN_FRAMEWORK_HEADER = YES;
				CLANG_WARN_RANGE_LOOP_ANALYSIS = YES;
				CLANG_WARN_STRICT_PROTOTYPES = YES;
				CLANG_WARN_SUSPICIOUS_MOVE = YES;
				CLANG_WARN_UNGUARDED_AVAILABILITY = YES_AGGRESSIVE;
				CLANG_WARN_UNREACHABLE_CODE = YES;
				CLANG_WARN__DUPLICATE_METHOD_MATCH = YES;
				COPY_PHASE_STRIP = NO;
				DEBUG_INFORMATION_FORMAT = dwarf;
				ENABLE_STRICT_OBJC_MSGSEND = YES;
				ENABLE_TESTABILITY = YES;
				ENABLE_USER_SCRIPT_SANDBOXING = YES;
				GCC_C_LANGUAGE_STANDARD = gnu17;
				GCC_DYNAMIC_NO_PIC = NO;
				GCC_NO_COMMON_BLOCKS = YES;
				GCC_OPTIMIZATION_LEVEL = 0;
				GCC_PREPROCESSOR_DEFINITIONS = (
					"DEBUG=1",
					"$(inherited)",
				);
				GCC_WARN_64_TO_32_BIT_CONVERSION = YES;
				GCC_WARN_ABOUT_RETURN_TYPE = YES_ERROR;
				GCC_WARN_UNDECLARED_SELECTOR = YES;
				GCC_WARN_UNINITIALIZED_AUTOS = YES_AGGRESSIVE;
				GCC_WARN_UNUSED_FUNCTION = YES;
				GCC_WARN_UNUSED_VARIABLE = YES;
				IPHONEOS_DEPLOYMENT_TARGET = 18.1;
				LOCALIZATION_PREFERS_STRING_CATALOGS = YES;
				MTL_ENABLE_DEBUG_INFO = INCLUDE_SOURCE;
				MTL_FAST_MATH = YES;
				ONLY_ACTIVE_ARCH = YES;
				SDKROOT = iphoneos;
				SWIFT_ACTIVE_COMPILATION_CONDITIONS = "DEBUG $(inherited)";
				SWIFT_OPTIMIZATION_LEVEL = "-Onone";
			};
			name = Debug;
		};
		3CE28AD32D5494970033128E /* Release */ = {
			isa = XCBuildConfiguration;
			buildSettings = {
				ALWAYS_SEARCH_USER_PATHS = NO;
				ASSETCATALOG_COMPILER_GENERATE_SWIFT_ASSET_SYMBOL_EXTENSIONS = YES;
				CLANG_ANALYZER_NONNULL = YES;
				CLANG_ANALYZER_NUMBER_OBJECT_CONVERSION = YES_AGGRESSIVE;
				CLANG_CXX_LANGUAGE_STANDARD = "gnu++20";
				CLANG_ENABLE_MODULES = YES;
				CLANG_ENABLE_OBJC_ARC = YES;
				CLANG_ENABLE_OBJC_WEAK = YES;
				CLANG_WARN_BLOCK_CAPTURE_AUTORELEASING = YES;
				CLANG_WARN_BOOL_CONVERSION = YES;
				CLANG_WARN_COMMA = YES;
				CLANG_WARN_CONSTANT_CONVERSION = YES;
				CLANG_WARN_DEPRECATED_OBJC_IMPLEMENTATIONS = YES;
				CLANG_WARN_DIRECT_OBJC_ISA_USAGE = YES_ERROR;
				CLANG_WARN_DOCUMENTATION_COMMENTS = YES;
				CLANG_WARN_EMPTY_BODY = YES;
				CLANG_WARN_ENUM_CONVERSION = YES;
				CLANG_WARN_INFINITE_RECURSION = YES;
				CLANG_WARN_INT_CONVERSION = YES;
				CLANG_WARN_NON_LITERAL_NULL_CONVERSION = YES;
				CLANG_WARN_OBJC_IMPLICIT_RETAIN_SELF = YES;
				CLANG_WARN_OBJC_LITERAL_CONVERSION = YES;
				CLANG_WARN_OBJC_ROOT_CLASS = YES_ERROR;
				CLANG_WARN_QUOTED_INCLUDE_IN_FRAMEWORK_HEADER = YES;
				CLANG_WARN_RANGE_LOOP_ANALYSIS = YES;
				CLANG_WARN_STRICT_PROTOTYPES = YES;
				CLANG_WARN_SUSPICIOUS_MOVE = YES;
				CLANG_WARN_UNGUARDED_AVAILABILITY = YES_AGGRESSIVE;
				CLANG_WARN_UNREACHABLE_CODE = YES;
				CLANG_WARN__DUPLICATE_METHOD_MATCH = YES;
				COPY_PHASE_STRIP = NO;
				DEBUG_INFORMATION_FORMAT = "dwarf-with-dsym";
				ENABLE_NS_ASSERTIONS = NO;
				ENABLE_STRICT_OBJC_MSGSEND = YES;
				ENABLE_USER_SCRIPT_SANDBOXING = YES;
				GCC_C_LANGUAGE_STANDARD = gnu17;
				GCC_NO_COMMON_BLOCKS = YES;
				GCC_WARN_64_TO_32_BIT_CONVERSION = YES;
				GCC_WARN_ABOUT_RETURN_TYPE = YES_ERROR;
				GCC_WARN_UNDECLARED_SELECTOR = YES;
				GCC_WARN_UNINITIALIZED_AUTOS = YES_AGGRESSIVE;
				GCC_WARN_UNUSED_FUNCTION = YES;
				GCC_WARN_UNUSED_VARIABLE = YES;
				IPHONEOS_DEPLOYMENT_TARGET = 18.1;
				LOCALIZATION_PREFERS_STRING_CATALOGS = YES;
				MTL_ENABLE_DEBUG_INFO = NO;
				MTL_FAST_MATH = YES;
				SDKROOT = iphoneos;
				SWIFT_COMPILATION_MODE = wholemodule;
				VALIDATE_PRODUCT = YES;
			};
			name = Release;
		};
		3CE28AD52D5494970033128E /* Debug */ = {
			isa = XCBuildConfiguration;
			buildSettings = {
				ASSETCATALOG_COMPILER_APPICON_NAME = AppIcon;
				ASSETCATALOG_COMPILER_GLOBAL_ACCENT_COLOR_NAME = AccentColor;
				CODE_SIGN_STYLE = Automatic;
				CURRENT_PROJECT_VERSION = 1;
				DEVELOPMENT_ASSET_PATHS = "\"CoffeeMasters/Preview Content\"";
				DEVELOPMENT_TEAM = GGEVGZK5SA;
				ENABLE_PREVIEWS = YES;
				GENERATE_INFOPLIST_FILE = YES;
				INFOPLIST_FILE = CoffeeMasters/Info.plist;
				INFOPLIST_KEY_UIApplicationSceneManifest_Generation = YES;
				INFOPLIST_KEY_UIApplicationSupportsIndirectInputEvents = YES;
				INFOPLIST_KEY_UISupportedInterfaceOrientations_iPhone = "UIInterfaceOrientationPortrait UIInterfaceOrientationLandscapeLeft UIInterfaceOrientationLandscapeRight";
				LD_RUNPATH_SEARCH_PATHS = (
					"$(inherited)",
					"@executable_path/Frameworks",
				);
				MARKETING_VERSION = 1.0;
				PRODUCT_BUNDLE_IDENTIFIER = com.bryanltrang.CoffeeMasters;
				PRODUCT_NAME = "$(TARGET_NAME)";
				SWIFT_EMIT_LOC_STRINGS = YES;
				SWIFT_VERSION = 5.0;
				TARGETED_DEVICE_FAMILY = "1,2";
			};
			name = Debug;
		};
		3CE28AD62D5494970033128E /* Release */ = {
			isa = XCBuildConfiguration;
			buildSettings = {
				ASSETCATALOG_COMPILER_APPICON_NAME = AppIcon;
				ASSETCATALOG_COMPILER_GLOBAL_ACCENT_COLOR_NAME = AccentColor;
				CODE_SIGN_STYLE = Automatic;
				CURRENT_PROJECT_VERSION = 1;
				DEVELOPMENT_ASSET_PATHS = "\"CoffeeMasters/Preview Content\"";
				DEVELOPMENT_TEAM = GGEVGZK5SA;
				ENABLE_PREVIEWS = YES;
				GENERATE_INFOPLIST_FILE = YES;
				INFOPLIST_FILE = CoffeeMasters/Info.plist;
				INFOPLIST_KEY_UIApplicationSceneManifest_Generation = YES;
				INFOPLIST_KEY_UIApplicationSupportsIndirectInputEvents = YES;
				INFOPLIST_KEY_UISupportedInterfaceOrientations_iPhone = "UIInterfaceOrientationPortrait UIInterfaceOrientationLandscapeLeft UIInterfaceOrientationLandscapeRight";
				LD_RUNPATH_SEARCH_PATHS = (
					"$(inherited)",
					"@executable_path/Frameworks",
				);
				MARKETING_VERSION = 1.0;
				PRODUCT_BUNDLE_IDENTIFIER = com.bryanltrang.CoffeeMasters;
				PRODUCT_NAME = "$(TARGET_NAME)";
				SWIFT_EMIT_LOC_STRINGS = YES;
				SWIFT_VERSION = 5.0;
				TARGETED_DEVICE_FAMILY = "1,2";
			};
			name = Release;
		};
/* End XCBuildConfiguration section */

/* Begin XCConfigurationList section */
		3CE28AC12D5494950033128E /* Build configuration list for PBXProject "CoffeeMasters" */ = {
			isa = XCConfigurationList;
			buildConfigurations = (
				3CE28AD22D5494970033128E /* Debug */,
				3CE28AD32D5494970033128E /* Release */,
			);
			defaultConfigurationIsVisible = 0;
			defaultConfigurationName = Release;
		};
		3CE28AD42D5494970033128E /* Build configuration list for PBXNativeTarget "CoffeeMasters" */ = {
			isa = XCConfigurationList;
			buildConfigurations = (
				3CE28AD52D5494970033128E /* Debug */,
				3CE28AD62D5494970033128E /* Release */,
			);
			defaultConfigurationIsVisible = 0;
			defaultConfigurationName = Release;
		};
/* End XCConfigurationList section */

/* Begin XCRemoteSwiftPackageReference section */
		3C091E9E2D59D36300C53536 /* XCRemoteSwiftPackageReference "Alamofire" */ = {
			isa = XCRemoteSwiftPackageReference;
			repositoryURL = "https://github.com/Alamofire/Alamofire.git";
			requirement = {
				kind = upToNextMajorVersion;
				minimumVersion = 5.10.2;
			};
		};
/* End XCRemoteSwiftPackageReference section */

/* Begin XCSwiftPackageProductDependency section */
		3C091E9F2D59D36300C53536 /* Alamofire */ = {
			isa = XCSwiftPackageProductDependency;
			package = 3C091E9E2D59D36300C53536 /* XCRemoteSwiftPackageReference "Alamofire" */;
			productName = Alamofire;
		};
/* End XCSwiftPackageProductDependency section */
	};
	rootObject = 3CE28ABE2D5494950033128E /* Project object */;
}
